
Microsoft Visual Studio Solution File, Format Version 12.00
# Visual Studio Version 17
VisualStudioVersion = 17.1.32127.271
MinimumVisualStudioVersion = 10.0.40219.1
Project("{9A19103F-16F7-4668-BE54-9A1E7A4F7556}") = "FRIWOCenter.WebAPIs", "FRIWOCenter.WebAPIs\FRIWOCenter.WebAPIs.csproj", "{047ECC88-0F38-4C0C-8A80-CF5E6A3F90A9}"
EndProject
Project("{9A19103F-16F7-4668-BE54-9A1E7A4F7556}") = "FRIWOCenter.WASM", "FRIWOCenter.WASM\FRIWOCenter.WASM.csproj", "{5C630213-20CB-4B75-853C-7E7B4650E087}"
EndProject
Project("{9A19103F-16F7-4668-BE54-9A1E7A4F7556}") = "FRIWOCenter.WASMHosted", "FRIWOCenter.WASMHosted\FRIWOCenter.WASMHosted.csproj", "{742B9CD8-A6E0-45C7-97D7-E617471C0512}"
EndProject
Project("{9A19103F-16F7-4668-BE54-9A1E7A4F7556}") = "FRIWOCenter.WebHost", "FRIWOCenter.WebAPI\FRIWOCenter.WebHost.csproj", "{2111B2B2-F47A-4082-8A47-0CCF5E9C97E6}"
EndProject
Project("{9A19103F-16F7-4668-BE54-9A1E7A4F7556}") = "FRIWOCenter.Components", "FRIWOCenter.Components\FRIWOCenter.Components.csproj", "{D7B884D2-24A8-44FF-83B1-DD75C6151B46}"
EndProject
Project("{9A19103F-16F7-4668-BE54-9A1E7A4F7556}") = "FRIWOCenter.Shared", "FRIWOCenter.Shared\FRIWOCenter.Shared.csproj", "{56C692BF-A3CC-4DEE-BC19-AA7040E31C76}"
EndProject
Project("{9A19103F-16F7-4668-BE54-9A1E7A4F7556}") = "FRIWOCenter.MobileMAUI", "FRIWOCenter.MobileMAUI\FRIWOCenter.MobileMAUI.csproj", "{C5B75816-1D29-4CA7-A6FD-4C7D77E617EC}"
EndProject
Project("{2150E333-8FDC-42A3-9474-1A3956D46DE8}") = "Servers", "Servers", "{C2401475-265F-414D-9102-F6556AFB1261}"
EndProject
Project("{2150E333-8FDC-42A3-9474-1A3956D46DE8}") = "Clients", "Clients", "{C9D5E0DC-E854-48BC-8F31-9AE6159E0BB6}"
EndProject
Project("{2150E333-8FDC-42A3-9474-1A3956D46DE8}") = "Shared", "Shared", "{29EA8EE2-E03A-4DAE-A8D3-C85C5F46D692}"
EndProject
Project("{2150E333-8FDC-42A3-9474-1A3956D46DE8}") = "Mobile", "Mobile", "{B68738C2-FABE-4E90-99E2-56C8DBCADB9A}"
EndProject
Global
	GlobalSection(SolutionConfigurationPlatforms) = preSolution
		Debug|Any CPU = Debug|Any CPU
		Release|Any CPU = Release|Any CPU
	EndGlobalSection
	GlobalSection(ProjectConfigurationPlatforms) = postSolution
		{047ECC88-0F38-4C0C-8A80-CF5E6A3F90A9}.Debug|Any CPU.ActiveCfg = Debug|Any CPU
		{047ECC88-0F38-4C0C-8A80-CF5E6A3F90A9}.Debug|Any CPU.Build.0 = Debug|Any CPU
		{047ECC88-0F38-4C0C-8A80-CF5E6A3F90A9}.Release|Any CPU.ActiveCfg = Release|Any CPU
		{047ECC88-0F38-4C0C-8A80-CF5E6A3F90A9}.Release|Any CPU.Build.0 = Release|Any CPU
		{5C630213-20CB-4B75-853C-7E7B4650E087}.Debug|Any CPU.ActiveCfg = Debug|Any CPU
		{5C630213-20CB-4B75-853C-7E7B4650E087}.Debug|Any CPU.Build.0 = Debug|Any CPU
		{5C630213-20CB-4B75-853C-7E7B4650E087}.Release|Any CPU.ActiveCfg = Release|Any CPU
		{5C630213-20CB-4B75-853C-7E7B4650E087}.Release|Any CPU.Build.0 = Release|Any CPU
		{742B9CD8-A6E0-45C7-97D7-E617471C0512}.Debug|Any CPU.ActiveCfg = Debug|Any CPU
		{742B9CD8-A6E0-45C7-97D7-E617471C0512}.Debug|Any CPU.Build.0 = Debug|Any CPU
		{742B9CD8-A6E0-45C7-97D7-E617471C0512}.Release|Any CPU.ActiveCfg = Release|Any CPU
		{742B9CD8-A6E0-45C7-97D7-E617471C0512}.Release|Any CPU.Build.0 = Release|Any CPU
		{2111B2B2-F47A-4082-8A47-0CCF5E9C97E6}.Debug|Any CPU.ActiveCfg = Debug|Any CPU
		{2111B2B2-F47A-4082-8A47-0CCF5E9C97E6}.Debug|Any CPU.Build.0 = Debug|Any CPU
		{2111B2B2-F47A-4082-8A47-0CCF5E9C97E6}.Release|Any CPU.ActiveCfg = Release|Any CPU
		{2111B2B2-F47A-4082-8A47-0CCF5E9C97E6}.Release|Any CPU.Build.0 = Release|Any CPU
		{D7B884D2-24A8-44FF-83B1-DD75C6151B46}.Debug|Any CPU.ActiveCfg = Debug|Any CPU
		{D7B884D2-24A8-44FF-83B1-DD75C6151B46}.Debug|Any CPU.Build.0 = Debug|Any CPU
		{D7B884D2-24A8-44FF-83B1-DD75C6151B46}.Release|Any CPU.ActiveCfg = Release|Any CPU
		{D7B884D2-24A8-44FF-83B1-DD75C6151B46}.Release|Any CPU.Build.0 = Release|Any CPU
		{56C692BF-A3CC-4DEE-BC19-AA7040E31C76}.Debug|Any CPU.ActiveCfg = Debug|Any CPU
		{56C692BF-A3CC-4DEE-BC19-AA7040E31C76}.Debug|Any CPU.Build.0 = Debug|Any CPU
		{56C692BF-A3CC-4DEE-BC19-AA7040E31C76}.Release|Any CPU.ActiveCfg = Release|Any CPU
		{56C692BF-A3CC-4DEE-BC19-AA7040E31C76}.Release|Any CPU.Build.0 = Release|Any CPU
		{C5B75816-1D29-4CA7-A6FD-4C7D77E617EC}.Debug|Any CPU.ActiveCfg = Debug|Any CPU
		{C5B75816-1D29-4CA7-A6FD-4C7D77E617EC}.Debug|Any CPU.Build.0 = Debug|Any CPU
		{C5B75816-1D29-4CA7-A6FD-4C7D77E617EC}.Debug|Any CPU.Deploy.0 = Debug|Any CPU
		{C5B75816-1D29-4CA7-A6FD-4C7D77E617EC}.Release|Any CPU.ActiveCfg = Release|Any CPU
		{C5B75816-1D29-4CA7-A6FD-4C7D77E617EC}.Release|Any CPU.Build.0 = Release|Any CPU
		{C5B75816-1D29-4CA7-A6FD-4C7D77E617EC}.Release|Any CPU.Deploy.0 = Release|Any CPU
	EndGlobalSection
	GlobalSection(SolutionProperties) = preSolution
		HideSolutionNode = FALSE
	EndGlobalSection
	GlobalSection(NestedProjects) = preSolution
		{047ECC88-0F38-4C0C-8A80-CF5E6A3F90A9} = {C2401475-265F-414D-9102-F6556AFB1261}
		{5C630213-20CB-4B75-853C-7E7B4650E087} = {C9D5E0DC-E854-48BC-8F31-9AE6159E0BB6}
		{742B9CD8-A6E0-45C7-97D7-E617471C0512} = {C9D5E0DC-E854-48BC-8F31-9AE6159E0BB6}
		{2111B2B2-F47A-4082-8A47-0CCF5E9C97E6} = {C2401475-265F-414D-9102-F6556AFB1261}
		{D7B884D2-24A8-44FF-83B1-DD75C6151B46} = {29EA8EE2-E03A-4DAE-A8D3-C85C5F46D692}
		{56C692BF-A3CC-4DEE-BC19-AA7040E31C76} = {29EA8EE2-E03A-4DAE-A8D3-C85C5F46D692}
		{C5B75816-1D29-4CA7-A6FD-4C7D77E617EC} = {B68738C2-FABE-4E90-99E2-56C8DBCADB9A}
	EndGlobalSection
	GlobalSection(ExtensibilityGlobals) = postSolution
		SolutionGuid = {8442BC39-D23A-4552-B6C0-A8AAC13D3CE6}
	EndGlobalSection
	GlobalSection(MonoDevelopProperties) = preSolution
		Policies = $0
		$0.StandardHeader = $1
		$1.Text = "${FullFileName}${AuthorName}"
		$0.TextStylePolicy = $12
		$2.FileWidth = 80
		$2.TabsToSpaces = True
		$2.scope = text/x-csharp
		$0.CSharpFormattingPolicy = $3
		$3.scope = text/x-csharp
		$4.FileWidth = 80
		$4.TabsToSpaces = True
		$4.scope = text/plain
		$5.TabWidth = 2
		$5.TabsToSpaces = True
		$5.IndentWidth = 2
		$5.NoTabsAfterNonTabs = True
		$5.scope = text/x-json
		$6.FileWidth = 80
		$6.TabsToSpaces = True
		$6.scope = text/x-web
		$7.FileWidth = 80
		$7.TabsToSpaces = True
		$7.scope = text/x-vs
		$8.TabsToSpaces = True
		$8.NoTabsAfterNonTabs = True
		$8.scope = text/x-css
		$9.TabsToSpaces = True
		$9.NoTabsAfterNonTabs = True
		$9.scope = text/x-cshtml-web
		$10.TabsToSpaces = True
		$10.NoTabsAfterNonTabs = True
		$10.scope = text/x-html
		$11.FileWidth = 80
		$11.TabsToSpaces = True
		$11.scope = text/x-javascript
		$12.FileWidth = 80
		$12.TabsToSpaces = True
		$12.scope = text/x-jsts
	EndGlobalSection
EndGlobal
